{
    "version": 3,
    "terraform_version": "0.11.3",
    "serial": 3,
    "lineage": "95e5ea6b-43de-4228-99eb-bbbb7be78f13",
    "modules": [
        {
            "path": [
                "root"
            ],
            "outputs": {},
            "resources": {
                "google_compute_network.vpc-1": {
                    "type": "google_compute_network",
                    "depends_on": [],
                    "primary": {
                        "id": "vpc-1",
                        "attributes": {
                            "auto_create_subnetworks": "false",
                            "description": "GCP Network VPC 1",
                            "gateway_ipv4": "",
                            "id": "vpc-1",
                            "ipv4_range": "",
                            "name": "vpc-1",
                            "project": "gcp-gamification-platform",
                            "routing_mode": "REGIONAL",
                            "self_link": "https://www.googleapis.com/compute/v1/projects/gcp-gamification-platform/global/networks/vpc-1"
                        },
                        "meta": {},
                        "tainted": false
                    },
                    "deposed": [],
                    "provider": "provider.google"
                },
                "google_compute_subnetwork.subnet-a": {
                    "type": "google_compute_subnetwork",
                    "depends_on": [
                        "google_compute_network.vpc-1"
                    ],
                    "primary": {
                        "id": "us-central1/subnet-a",
                        "attributes": {
                            "description": "",
                            "gateway_address": "10.5.4.1",
                            "id": "us-central1/subnet-a",
                            "ip_cidr_range": "10.5.4.0/24",
                            "name": "subnet-a",
                            "network": "https://www.googleapis.com/compute/v1/projects/gcp-gamification-platform/global/networks/vpc-1",
                            "private_ip_google_access": "false",
                            "project": "gcp-gamification-platform",
                            "region": "us-central1",
                            "secondary_ip_range.#": "0",
                            "self_link": "https://www.googleapis.com/compute/v1/projects/gcp-gamification-platform/regions/us-central1/subnetworks/subnet-a"
                        },
                        "meta": {
                            "e2bfb730-ecaa-11e6-8f88-34363bc7c4c0": {
                                "create": 360000000000,
                                "delete": 360000000000,
                                "update": 360000000000
                            }
                        },
                        "tainted": false
                    },
                    "deposed": [],
                    "provider": "provider.google"
                },
                "google_container_cluster.mykube": {
                    "type": "google_container_cluster",
                    "depends_on": [
                        "google_compute_network.vpc-1",
                        "google_compute_subnetwork.subnet-a"
                    ],
                    "primary": {
                        "id": "mykube",
                        "attributes": {
                            "additional_zones.#": "1",
                            "additional_zones.770108134": "us-central1-a",
                            "addons_config.#": "1",
                            "addons_config.0.horizontal_pod_autoscaling.#": "0",
                            "addons_config.0.http_load_balancing.#": "0",
                            "addons_config.0.kubernetes_dashboard.#": "0",
                            "addons_config.0.network_policy_config.#": "1",
                            "addons_config.0.network_policy_config.0.disabled": "true",
                            "cluster_ipv4_cidr": "10.37.64.0/19",
                            "description": "",
                            "enable_kubernetes_alpha": "false",
                            "enable_legacy_abac": "false",
                            "endpoint": "35.192.13.162",
                            "id": "mykube",
                            "initial_node_count": "2",
                            "instance_group_urls.#": "2",
                            "instance_group_urls.0": "https://www.googleapis.com/compute/v1/projects/gcp-gamification-platform/zones/us-central1-c/instanceGroups/gke-mykube-default-pool-1f563de2-grp",
                            "instance_group_urls.1": "https://www.googleapis.com/compute/v1/projects/gcp-gamification-platform/zones/us-central1-a/instanceGroups/gke-mykube-default-pool-8a0ef1d2-grp",
                            "logging_service": "logging.googleapis.com",
                            "master_auth.#": "1",
                            "master_auth.0.client_certificate": "LS0tLS1CRUdJTiBDRVJUSUZJQ0FURS0tLS0tCk1JSUMyakNDQWNLZ0F3SUJBZ0lRTi9NYmdWRGxac25BZ1pXZ0E1bHdmekFOQmdrcWhraUc5dzBCQVFzRkFEQXYKTVMwd0t3WURWUVFERXlSaE1HTXpZVGcxWkMwM09HTTRMVFF4TkRNdFltUmhaUzFpTlRBd016WXdaR1F4WmpjdwpIaGNOTVRnd05UQTBNakF5TWpNMVdoY05Nak13TlRBek1qQXlNak0xV2pBUk1ROHdEUVlEVlFRREV3WmpiR2xsCmJuUXdnZ0VpTUEwR0NTcUdTSWIzRFFFQkFRVUFBNElCRHdBd2dnRUtBb0lCQVFDRVBrVENjUkZBaGlWSkRTOXUKQVlzVlprWi80WnVzWWIyUnpiRzk0QmdwWTdkV3pad2RPcTJnUU43eHlYVUlPT25sUnRpUW40dXMrNXBiVkRSZApwbU5pUE03ak8yUENQWlFzU2prN1NNWnJRMGxzUmgwMkhKS2dVTXNYUVJGVHJjRkZzOXBoSEY5NkUxN3ZodGJWCjg5VmFmb0pMM1h2bkFNb09FbzhQSXRSOGdTeXZ5Z2h3ZjF4VDlERHJvSytGWEtpbkJPWk5mU2RFZ2paN1JhcmcKbkxCa050NmR3ZzlxMWZyMDZxWFpPMllVcnRRVDZBdE8zYmpteWY5SXBuYlFMS0VSQzdPRlo3N2tOTXJoWkdMNwo4WnBPaGhIakZIY0ZCZUErZmw0ckFZTS8wbTRMOVpIcGkvU3lkVERuSFA0NmdmMWdialg4VHc0SkhsS0QrQWc4Cjl5YnZBZ01CQUFHakVEQU9NQXdHQTFVZEV3RUIvd1FDTUFBd0RRWUpLb1pJaHZjTkFRRUxCUUFEZ2dFQkFHaE0KZHhzaUc3V0VITkdWaC9GeWpyb3V0UDZHYTNOSWpjb0NnRWRKemdjNzI0RVY4OHFJRkoxalV1MWdsMm1sVHRhcgpLaGVGby9hbDkwNkxCU2NqNythS2VoN0xZMnpSMXkreEFwRDVMRGg1VWRsRVAzQk5pVEZabngrdGtLWG5pYzc3CmxMV0ZVUE1ETXduNU1VNFF1ZnBDWWJWWkQxQ2RIU1ZKWTZadzg4akZmKzRPMFE1VDJ0TDA0VjQxTVJUV2RCYW8KZWh3NDVQaFBxYjl3UFJhQ0JocjNjTTNib2Vwc1VOOXhLenF5Y042NjdTb0VDYy83VUpVZlo1a1BEVEVvSWh6bwo3ak9FYkZPbGRnMnlGM0pmVWZDRVozY2pDQ2paWkR4YUNORUl1MXFiTE53NU1QZmMvZ2ZvWnk3MXppQ0hFaDhwCmhBdE1HMDdtdm9lbWVIVDNDbUU9Ci0tLS0tRU5EIENFUlRJRklDQVRFLS0tLS0K",
                            "master_auth.0.client_certificate_config.#": "0",
                            "master_auth.0.client_key": "LS0tLS1CRUdJTiBSU0EgUFJJVkFURSBLRVktLS0tLQpNSUlFb3dJQkFBS0NBUUVBaEQ1RXduRVJRSVlsU1EwdmJnR0xGV1pHZitHYnJHRzlrYzJ4dmVBWUtXTzNWczJjCkhUcXRvRURlOGNsMUNEanA1VWJZa0orTHJQdWFXMVEwWGFaallqek80enRqd2oyVUxFbzVPMGpHYTBOSmJFWWQKTmh5U29GRExGMEVSVTYzQlJiUGFZUnhmZWhOZTc0YlcxZlBWV242Q1M5MTc1d0RLRGhLUER5TFVmSUVzcjhvSQpjSDljVS9RdzY2Q3ZoVnlvcHdUbVRYMG5SSUkyZTBXcTRKeXdaRGJlbmNJUGF0WDY5T3FsMlR0bUZLN1VFK2dMClR0MjQ1c24vU0taMjBDeWhFUXV6aFdlKzVEVEs0V1JpKy9HYVRvWVI0eFIzQlFYZ1BuNWVLd0dEUDlKdUMvV1IKNll2MHNuVXc1eHorT29IOVlHNDEvRThPQ1I1U2cvZ0lQUGNtN3dJREFRQUJBb0lCQUFzY09DYWwzUzh3bGYxWApNRDdydmtXai9CUk9YZ2ZUaGx1empsVkhlSUF4c251R2RyRTE5dFJaM3VFdGJibXRIbWwyMUVjQ1FIZmVBNC9jCnVUR05BeGlEeDFYcjdXdXFSTUtiMGNjYlRDQkMzTzVOemJKNElCRjcrRFFSOFdTNFdsNkN4N3dVNkNpWGJBaHYKcWFqNy9WYkcvaWRsaWoxVUlhV2hCWWZlQTBBYWN6M1pBY0M4N0VwT1RhWmVGR1VQbHE0TnRiL3lJQmNuTTJTcwo5dHdHc1A0OTJ4SER5enZkTGRtbTR2TE9sUnBCWk03RnVnek91cVdTSWhmUUlWaktzdlBWYXRJeTFLaUZJZ2xOCkJWZDROdXY2c2w3YWQ5VHhlZm51YnJDNEFQK2dmK3pJWHluRmlCRk1IWVpBV2tKRjZtQlZ5cTVBcngzS1J6djEKVlZUWmNYRUNnWUVBdVJuLzZ4NTJTUngyQ09FbG9kT2Urb3FTdmtJdVUxcU1oaVA0WmZUWkRPdEtXTW0rdVllcgovaHZJRmM1UHFYSk9OT050a3RNbWZPK2dyMUJxUDF0em9xY2tSdVpFMEt6THRrck9SbSsxTktFRXgrQUNSTUFICmlZNlFCT0NIaDBjc0xXQWdRU2V6Q3hVUlNrK3FWZzdBZC9xTFFYakQ5blNXaGhCOU51NE03b3NDZ1lFQXR1VkkKc1Jlekd1QzB2a2ZkeGRwNG1kc21NWE85cTJkdmVzanJHQTNSdWI4WGJFWVNLdGxoaEFRbnBqQTdQejdiQ2g2WgpmYXAwQnpuOENzbTY2RWR2UTlvZ0JrSVI5M1BkQXkzVXdheWQ3TWhOd2JYWjBCbVpmc3NRb2d4VHgxczkyS1k5CmQxZFhrbG9tZlU5NjBQYldPa0EzenFwQnFPYVRTQjIza3AvM09hMENnWUIvRFZHVVdUeG53cGxpVHVnOXc3d0QKek1vY3ZlQitabEMrWWtKRitXSmljNzU4WXozK3F4bHJPamFFZ1RBODVyQzNyTU94WEMyMjQrUXZjY3I3NGhIbApPMFN6UmF0R2NOVURNeVdUUTJubHpnQXlFWmg5Q0RJa1FTNnBxbFJjam9YTVA0YmtNaE83TDZMR2x4Z2NLZFFDCmhuNi9XZDFvZFc0OFoyVUxKeXJKTVFLQmdRQ3QxQjNTc3dPM2QvcFJIMXpZdjF3QVh4bGR4dk51QlZFZkVmYmYKVmNNUEYxL2J1SDFyM0UraWVaQjFrMEc4U3JGRVhQRGxUeXdYOGpScXpIQ29jN3g4Y01RZkxveUU4OG9MUzNQNgozMlQ1dHlhd0JYYVBJc1dRak0reU5LVXJ4THh6UFEwT2NDVDdKRk9RcGduRXNkWEtaMTZqUFk1S1NWdVNIeXhxClh6OUp3UUtCZ0M1SE1rOE9JSmhEVDhkbzNuVkNKUHdTUlgyNlRPSjVrRUhMSFJYSCtOVUwrMU1lV2xwd21rN0MKUW9sUkp5bHRCNXdGRGVOaGY3ODlIcTRBY1R5eExlTmpIanF3aE91ckk4SkFzOWVHV2dhSEJtaEpxbFJjS1g1SQoySElZWXE3Qi9SODhYTU14VHhjMHlXTURPbjFTdXdEYVNWRk5OU21GanJ5dTVwU1ZJOXZzCi0tLS0tRU5EIFJTQSBQUklWQVRFIEtFWS0tLS0tCg==",
                            "master_auth.0.cluster_ca_certificate": "LS0tLS1CRUdJTiBDRVJUSUZJQ0FURS0tLS0tCk1JSURERENDQWZTZ0F3SUJBZ0lSQU5nQlRpUUUwYmxIRitjTGRKYzkxbFl3RFFZSktvWklodmNOQVFFTEJRQXcKTHpFdE1Dc0dBMVVFQXhNa1lUQmpNMkU0TldRdE56aGpPQzAwTVRRekxXSmtZV1V0WWpVd01ETTJNR1JrTVdZMwpNQjRYRFRFNE1EVXdOREU1TWpJek0xb1hEVEl6TURVd016SXdNakl6TTFvd0x6RXRNQ3NHQTFVRUF4TWtZVEJqCk0yRTROV1F0Tnpoak9DMDBNVFF6TFdKa1lXVXRZalV3TURNMk1HUmtNV1kzTUlJQklqQU5CZ2txaGtpRzl3MEIKQVFFRkFBT0NBUThBTUlJQkNnS0NBUUVBcks3UUFBV1lNamFWUHZNWWl2VUdOMDMyNE4vUEYzTSt6SlJsakpSeQprbkdoWTk0bTg4TEg1a1RVN2wzUjdqb0lvc2VZak9mUTJ4L0JSaVpGK1djVFFiZ3RlM05XVllhUFN6czFKL1IvCnZzMGg5dXV4dlJGQ2pNbldxN29wbUJKRjcyMU9lVjBjRzlOMmpYVGd2RCsxcm1qUkVvekVBNTNKR0krU0dRdnQKb1cyZlpvVTh3bTVkbEVsOTVLV0dSbHNSaUtOOXZRWG02aFgvMGUvNnV5blNMS0xZN00xM214SXpUQVprMDRFRQpQZzVCWjFhS3dSR3dZRTFISHlraHpLU0hjYno4S0U1bkJqdGVZRS9lV2JUcHpHZHQxKzRpV0huQ2ROVEEraVVxCkR1amRJQ3labjB1cEwwS0kyYnphYmlDUk1SYitwY0pqVHdxVndUbkZuWW4xdXdJREFRQUJveU13SVRBT0JnTlYKSFE4QkFmOEVCQU1DQWdRd0R3WURWUjBUQVFIL0JBVXdBd0VCL3pBTkJna3Foa2lHOXcwQkFRc0ZBQU9DQVFFQQpidjZqV2ZEN1QwUXZubC9ZK3VoVytJZUZSQkI2WjFGYmIyL3FLVDFCODFpVXdzaDBlV2FVcStURVZ6eVRJKzhvCk5CWW9rakVRL0E0RkgyUDZuUjZrY3dCdUdienN0MFNRR2xDNHNhK3J2M21VVVlyTy9UWTNuSktPNXZSUXlZZ3gKWVRsSU5XNXBCMldiK3ZQOUZtQmF4S2IzcXJHYUt5VUxucGU1UVdVVUxPT0puR3BpMnpkblYyYVhNdGRsMHRuagpnMm5rODgvMTM3T3ovRU1qYTUwL3JWcEp0dkpza3lIcVYzdlZpYkk3aGFRTGhsM0xNc0g0bk1YRWQwWHFKeUpYCnBweUZyRS9qR2cxellya0ZQRWlFR3IwTGlueG50OVFnT1JTb0ZQMlROdUJXbFdYSVBDakQydS85NXNFMGljcWkKK3BJbmRvV25QT2FUYzhtYW1vVlY3Zz09Ci0tLS0tRU5EIENFUlRJRklDQVRFLS0tLS0K",
                            "master_auth.0.password": "admin-0123456789",
                            "master_auth.0.username": "admin",
                            "master_ipv4_cidr_block": "",
                            "master_version": "1.8.8-gke.0",
                            "monitoring_service": "monitoring.googleapis.com",
                            "name": "mykube",
                            "network": "vpc-1",
                            "network_policy.#": "1",
                            "network_policy.0.enabled": "false",
                            "network_policy.0.provider": "PROVIDER_UNSPECIFIED",
                            "node_config.#": "1",
                            "node_config.0.disk_size_gb": "20",
                            "node_config.0.guest_accelerator.#": "0",
                            "node_config.0.image_type": "COS",
                            "node_config.0.labels.%": "1",
                            "node_config.0.labels.foo": "bar",
                            "node_config.0.local_ssd_count": "0",
                            "node_config.0.machine_type": "f1-micro",
                            "node_config.0.metadata.%": "0",
                            "node_config.0.min_cpu_platform": "",
                            "node_config.0.oauth_scopes.#": "5",
                            "node_config.0.oauth_scopes.1277378754": "https://www.googleapis.com/auth/monitoring",
                            "node_config.0.oauth_scopes.1328717722": "https://www.googleapis.com/auth/devstorage.read_write",
                            "node_config.0.oauth_scopes.172152165": "https://www.googleapis.com/auth/logging.write",
                            "node_config.0.oauth_scopes.299962681": "https://www.googleapis.com/auth/compute",
                            "node_config.0.oauth_scopes.3435931483": "https://www.googleapis.com/auth/datastore",
                            "node_config.0.preemptible": "false",
                            "node_config.0.service_account": "default",
                            "node_config.0.tags.#": "2",
                            "node_config.0.tags.0": "foo",
                            "node_config.0.tags.1": "bar",
                            "node_config.0.taint.#": "0",
                            "node_config.0.workload_metadata_config.#": "0",
                            "node_pool.#": "1",
                            "node_pool.0.autoscaling.#": "0",
                            "node_pool.0.initial_node_count": "2",
                            "node_pool.0.instance_group_urls.#": "2",
                            "node_pool.0.instance_group_urls.0": "https://www.googleapis.com/compute/v1/projects/gcp-gamification-platform/zones/us-central1-c/instanceGroupManagers/gke-mykube-default-pool-1f563de2-grp",
                            "node_pool.0.instance_group_urls.1": "https://www.googleapis.com/compute/v1/projects/gcp-gamification-platform/zones/us-central1-a/instanceGroupManagers/gke-mykube-default-pool-8a0ef1d2-grp",
                            "node_pool.0.management.#": "1",
                            "node_pool.0.management.0.auto_repair": "false",
                            "node_pool.0.management.0.auto_upgrade": "false",
                            "node_pool.0.name": "default-pool",
                            "node_pool.0.name_prefix": "",
                            "node_pool.0.node_config.#": "1",
                            "node_pool.0.node_config.0.disk_size_gb": "20",
                            "node_pool.0.node_config.0.guest_accelerator.#": "0",
                            "node_pool.0.node_config.0.image_type": "COS",
                            "node_pool.0.node_config.0.labels.%": "1",
                            "node_pool.0.node_config.0.labels.foo": "bar",
                            "node_pool.0.node_config.0.local_ssd_count": "0",
                            "node_pool.0.node_config.0.machine_type": "f1-micro",
                            "node_pool.0.node_config.0.metadata.%": "0",
                            "node_pool.0.node_config.0.min_cpu_platform": "",
                            "node_pool.0.node_config.0.oauth_scopes.#": "5",
                            "node_pool.0.node_config.0.oauth_scopes.1277378754": "https://www.googleapis.com/auth/monitoring",
                            "node_pool.0.node_config.0.oauth_scopes.1328717722": "https://www.googleapis.com/auth/devstorage.read_write",
                            "node_pool.0.node_config.0.oauth_scopes.172152165": "https://www.googleapis.com/auth/logging.write",
                            "node_pool.0.node_config.0.oauth_scopes.299962681": "https://www.googleapis.com/auth/compute",
                            "node_pool.0.node_config.0.oauth_scopes.3435931483": "https://www.googleapis.com/auth/datastore",
                            "node_pool.0.node_config.0.preemptible": "false",
                            "node_pool.0.node_config.0.service_account": "default",
                            "node_pool.0.node_config.0.tags.#": "2",
                            "node_pool.0.node_config.0.tags.0": "foo",
                            "node_pool.0.node_config.0.tags.1": "bar",
                            "node_pool.0.node_config.0.taint.#": "0",
                            "node_pool.0.node_config.0.workload_metadata_config.#": "0",
                            "node_pool.0.node_count": "2",
                            "node_pool.0.version": "1.8.8-gke.0",
                            "node_version": "1.8.8-gke.0",
                            "private_cluster": "false",
                            "project": "gcp-gamification-platform",
                            "subnetwork": "subnet-a",
                            "zone": "us-central1-c"
                        },
                        "meta": {
                            "e2bfb730-ecaa-11e6-8f88-34363bc7c4c0": {
                                "create": 1800000000000,
                                "delete": 600000000000,
                                "update": 600000000000
                            },
                            "schema_version": "1"
                        },
                        "tainted": false
                    },
                    "deposed": [],
                    "provider": "provider.google"
                }
            },
            "depends_on": []
        }
    ]
}
